
Microsoft Visual Studio Solution File, Format Version 12.00
VisualStudioVersion = 17.14.37531.7 d17.14
MinimumVisualStudioVersion = 10.0.40219.1
Project("{FAE04EC0-301F-11D3-BF4B-00C04F79EFBC}") = "NoCodeVision", "NoCodeVision.csproj", "{B9D9CF3B-52E7-324E-19CB-DB9638ACF068}"
EndProject
Global
	GlobalSection(SolutionConfigurationPlatforms) = preSolution
		Debug|Any CPU = Debug|Any CPU
		Release|Any CPU = Release|Any CPU
	EndGlobalSection
	GlobalSection(ProjectConfigurationPlatforms) = postSolution
		{B9D9CF3B-52E7-324E-19CB-DB9638ACF068}.Debug|Any CPU.ActiveCfg = Debug|Any CPU
		{B9D9CF3B-52E7-324E-19CB-DB9638ACF068}.Debug|Any CPU.Build.0 = Debug|Any CPU
		{B9D9CF3B-52E7-324E-19CB-DB9638ACF068}.Release|Any CPU.ActiveCfg = Release|Any CPU
		{B9D9CF3B-52E7-324E-19CB-DB9638ACF068}.Release|Any CPU.Build.0 = Release|Any CPU
	EndGlobalSection
	GlobalSection(SolutionProperties) = preSolution
		HideSolutionNode = FALSE
	EndGlobalSection
	GlobalSection(ExtensibilityGlobals) = postSolution
		SolutionGuid = {19F38229-5221-44C0-861A-E90B8D647040}
	EndGlobalSection
EndGlobal
